// !$*UTF8*$!
{
	archiveVersion = 1;
	classes = {
	};
	objectVersion = 46;
	objects = {

/* Begin PBXBuildFile section */
		E85EE4721B91FDC500CDC840 /* AppDelegate.swift in Sources */ = {isa = PBXBuildFile; fileRef = E85EE4711B91FDC500CDC840 /* AppDelegate.swift */; };
		E85EE4741B91FDC500CDC840 /* ViewController.swift in Sources */ = {isa = PBXBuildFile; fileRef = E85EE4731B91FDC500CDC840 /* ViewController.swift */; };
		E85EE4771B91FDC500CDC840 /* Main.storyboard in Resources */ = {isa = PBXBuildFile; fileRef = E85EE4751B91FDC500CDC840 /* Main.storyboard */; };
		E85EE4791B91FDC500CDC840 /* Images.xcassets in Resources */ = {isa = PBXBuildFile; fileRef = E85EE4781B91FDC500CDC840 /* Images.xcassets */; };
		E85EE47C1B91FDC500CDC840 /* LaunchScreen.xib in Resources */ = {isa = PBXBuildFile; fileRef = E85EE47A1B91FDC500CDC840 /* LaunchScreen.xib */; };
		E85EE4881B91FDC500CDC840 /* popupPickerViewTests.swift in Sources */ = {isa = PBXBuildFile; fileRef = E85EE4871B91FDC500CDC840 /* popupPickerViewTests.swift */; };
/* End PBXBuildFile section */

/* Begin PBXContainerItemProxy section */
		E85EE4821B91FDC500CDC840 /* PBXContainerItemProxy */ = {
			isa = PBXContainerItemProxy;
			containerPortal = E85EE4641B91FDC500CDC840 /* Project object */;
			proxyType = 1;
			remoteGlobalIDString = E85EE46B1B91FDC500CDC840;
			remoteInfo = popupPickerView;
		};
/* End PBXContainerItemProxy section */

/* Begin PBXFileReference section */
		E85EE46C1B91FDC500CDC840 /* popupPickerView.app */ = {isa = PBXFileReference; explicitFileType = wrapper.application; includeInIndex = 0; path = popupPickerView.app; sourceTree = BUILT_PRODUCTS_DIR; };
		E85EE4701B91FDC500CDC840 /* Info.plist */ = {isa = PBXFileReference; lastKnownFileType = text.plist.xml; path = Info.plist; sourceTree = "<group>"; };
		E85EE4711B91FDC500CDC840 /* AppDelegate.swift */ = {isa = PBXFileReference; lastKnownFileType = sourcecode.swift; path = AppDelegate.swift; sourceTree = "<group>"; };
		E85EE4731B91FDC500CDC840 /* ViewController.swift */ = {isa = PBXFileReference; lastKnownFileType = sourcecode.swift; path = ViewController.swift; sourceTree = "<group>"; };
		E85EE4761B91FDC500CDC840 /* Base */ = {isa = PBXFileReference; lastKnownFileType = file.storyboard; name = Base; path = Base.lproj/Main.storyboard; sourceTree = "<group>"; };
		E85EE4781B91FDC500CDC840 /* Images.xcassets */ = {isa = PBXFileReference; lastKnownFileType = folder.assetcatalog; path = Images.xcassets; sourceTree = "<group>"; };
		E85EE47B1B91FDC500CDC840 /* Base */ = {isa = PBXFileReference; lastKnownFileType = file.xib; name = Base; path = Base.lproj/LaunchScreen.xib; sourceTree = "<group>"; };
		E85EE4811B91FDC500CDC840 /* popupPickerViewTests.xctest */ = {isa = PBXFileReference; explicitFileType = wrapper.cfbundle; includeInIndex = 0; path = popupPickerViewTests.xctest; sourceTree = BUILT_PRODUCTS_DIR; };
		E85EE4861B91FDC500CDC840 /* Info.plist */ = {isa = PBXFileReference; lastKnownFileType = text.plist.xml; path = Info.plist; sourceTree = "<group>"; };
		E85EE4871B91FDC500CDC840 /* popupPickerViewTests.swift */ = {isa = PBXFileReference; lastKnownFileType = sourcecode.swift; path = popupPickerViewTests.swift; sourceTree = "<group>"; };
/* End PBXFileReference section */

/* Begin PBXFrameworksBuildPhase section */
		E85EE4691B91FDC500CDC840 /* Frameworks */ = {
			isa = PBXFrameworksBuildPhase;
			buildActionMask = 2147483647;
			files = (
			);
			runOnlyForDeploymentPostprocessing = 0;
		};
		E85EE47E1B91FDC500CDC840 /* Frameworks */ = {
			isa = PBXFrameworksBuildPhase;
			buildActionMask = 2147483647;
			files = (
			);
			runOnlyForDeploymentPostprocessing = 0;
		};
/* End PBXFrameworksBuildPhase section */

/* Begin PBXGroup section */
		E85EE4631B91FDC500CDC840 = {
			isa = PBXGroup;
			children = (
				E85EE46E1B91FDC500CDC840 /* popupPickerView */,
				E85EE4841B91FDC500CDC840 /* popupPickerViewTests */,
				E85EE46D1B91FDC500CDC840 /* Products */,
			);
			sourceTree = "<group>";
		};
		E85EE46D1B91FDC500CDC840 /* Products */ = {
			isa = PBXGroup;
			children = (
				E85EE46C1B91FDC500CDC840 /* popupPickerView.app */,
				E85EE4811B91FDC500CDC840 /* popupPickerViewTests.xctest */,
			);
			name = Products;
			sourceTree = "<group>";
		};
		E85EE46E1B91FDC500CDC840 /* popupPickerView */ = {
			isa = PBXGroup;
			children = (
				E85EE4711B91FDC500CDC840 /* AppDelegate.swift */,
				E85EE4731B91FDC500CDC840 /* ViewController.swift */,
				E85EE4751B91FDC500CDC840 /* Main.storyboard */,
				E85EE4781B91FDC500CDC840 /* Images.xcassets */,
				E85EE47A1B91FDC500CDC840 /* LaunchScreen.xib */,
				E85EE46F1B91FDC500CDC840 /* Supporting Files */,
			);
			path = popupPickerView;
			sourceTree = "<group>";
		};
		E85EE46F1B91FDC500CDC840 /* Supporting Files */ = {
			isa = PBXGroup;
			children = (
				E85EE4701B91FDC500CDC840 /* Info.plist */,
			);
			name = "Supporting Files";
			sourceTree = "<group>";
		};
		E85EE4841B91FDC500CDC840 /* popupPickerViewTests */ = {
			isa = PBXGroup;
			children = (
				E85EE4871B91FDC500CDC840 /* popupPickerViewTests.swift */,
				E85EE4851B91FDC500CDC840 /* Supporting Files */,
			);
			path = popupPickerViewTests;
			sourceTree = "<group>";
		};
		E85EE4851B91FDC500CDC840 /* Supporting Files */ = {
			isa = PBXGroup;
			children = (
				E85EE4861B91FDC500CDC840 /* Info.plist */,
			);
			name = "Supporting Files";
			sourceTree = "<group>";
		};
/* End PBXGroup section */

/* Begin PBXNativeTarget section */
		E85EE46B1B91FDC500CDC840 /* popupPickerView */ = {
			isa = PBXNativeTarget;
			buildConfigurationList = E85EE48B1B91FDC500CDC840 /* Build configuration list for PBXNativeTarget "popupPickerView" */;
			buildPhases = (
				E85EE4681B91FDC500CDC840 /* Sources */,
				E85EE4691B91FDC500CDC840 /* Frameworks */,
				E85EE46A1B91FDC500CDC840 /* Resources */,
			);
			buildRules = (
			);
			dependencies = (
			);
			name = popupPickerView;
			productName = popupPickerView;
			productReference = E85EE46C1B91FDC500CDC840 /* popupPickerView.app */;
			productType = "com.apple.product-type.application";
		};
		E85EE4801B91FDC500CDC840 /* popupPickerViewTests */ = {
			isa = PBXNativeTarget;
			buildConfigurationList = E85EE48E1B91FDC500CDC840 /* Build configuration list for PBXNativeTarget "popupPickerViewTests" */;
			buildPhases = (
				E85EE47D1B91FDC500CDC840 /* Sources */,
				E85EE47E1B91FDC500CDC840 /* Frameworks */,
				E85EE47F1B91FDC500CDC840 /* Resources */,
			);
			buildRules = (
			);
			dependencies = (
				E85EE4831B91FDC500CDC840 /* PBXTargetDependency */,
			);
			name = popupPickerViewTests;
			productName = popupPickerViewTests;
			productReference = E85EE4811B91FDC500CDC840 /* popupPickerViewTests.xctest */;
			productType = "com.apple.product-type.bundle.unit-test";
		};
/* End PBXNativeTarget section */

/* Begin PBXProject section */
		E85EE4641B91FDC500CDC840 /* Project object */ = {
			isa = PBXProject;
			attributes = {
				LastUpgradeCheck = 0630;
				ORGANIZATIONNAME = "王俊硕";
				TargetAttributes = {
					E85EE46B1B91FDC500CDC840 = {
						CreatedOnToolsVersion = 6.3;
					};
					E85EE4801B91FDC500CDC840 = {
						CreatedOnToolsVersion = 6.3;
						TestTargetID = E85EE46B1B91FDC500CDC840;
					};
				};
			};
			buildConfigurationList = E85EE4671B91FDC500CDC840 /* Build configuration list for PBXProject "popupPickerView" */;
			compatibilityVersion = "Xcode 3.2";
			developmentRegion = English;
			hasScannedForEncodings = 0;
			knownRegions = (
				en,
				Base,
			);
			mainGroup = E85EE4631B91FDC500CDC840;
			productRefGroup = E85EE46D1B91FDC500CDC840 /* Products */;
			projectDirPath = "";
			projectRoot = "";
			targets = (
				E85EE46B1B91FDC500CDC840 /* popupPickerView */,
				E85EE4801B91FDC500CDC840 /* popupPickerViewTests */,
			);
		};
/* End PBXProject section */

/* Begin PBXResourcesBuildPhase section */
		E85EE46A1B91FDC500CDC840 /* Resources */ = {
			isa = PBXResourcesBuildPhase;
			buildActionMask = 2147483647;
			files = (
				E85EE4771B91FDC500CDC840 /* Main.storyboard in Resources */,
				E85EE47C1B91FDC500CDC840 /* LaunchScreen.xib in Resources */,
				E85EE4791B91FDC500CDC840 /* Images.xcassets in Resources */,
			);
			runOnlyForDeploymentPostprocessing = 0;
		};
		E85EE47F1B91FDC500CDC840 /* Resources */ = {
			isa = PBXResourcesBuildPhase;
			buildActionMask = 2147483647;
			files = (
			);
			runOnlyForDeploymentPostprocessing = 0;
		};
/* End PBXResourcesBuildPhase section */

/* Begin PBXSourcesBuildPhase section */
		E85EE4681B91FDC500CDC840 /* Sources */ = {
			isa = PBXSourcesBuildPhase;
			buildActionMask = 2147483647;
			files = (
				E85EE4741B91FDC500CDC840 /* ViewController.swift in Sources */,
				E85EE4721B91FDC500CDC840 /* AppDelegate.swift in Sources */,
			);
			runOnlyForDeploymentPostprocessing = 0;
		};
		E85EE47D1B91FDC500CDC840 /* Sources */ = {
			isa = PBXSourcesBuildPhase;
			buildActionMask = 2147483647;
			files = (
				E85EE4881B91FDC500CDC840 /* popupPickerViewTests.swift in Sources */,
			);
			runOnlyForDeploymentPostprocessing = 0;
		};
/* End PBXSourcesBuildPhase section */

/* Begin PBXTargetDependency section */
		E85EE4831B91FDC500CDC840 /* PBXTargetDependency */ = {
			isa = PBXTargetDependency;
			target = E85EE46B1B91FDC500CDC840 /* popupPickerView */;
			targetProxy = E85EE4821B91FDC500CDC840 /* PBXContainerItemProxy */;
		};
/* End PBXTargetDependency section */

/* Begin PBXVariantGroup section */
		E85EE4751B91FDC500CDC840 /* Main.storyboard */ = {
			isa = PBXVariantGroup;
			children = (
				E85EE4761B91FDC500CDC840 /* Base */,
			);
			name = Main.storyboard;
			sourceTree = "<group>";
		};
		E85EE47A1B91FDC500CDC840 /* LaunchScreen.xib */ = {
			isa = PBXVariantGroup;
			children = (
				E85EE47B1B91FDC500CDC840 /* Base */,
			);
			name = LaunchScreen.xib;
			sourceTree = "<group>";
		};
/* End PBXVariantGroup section */

/* Begin XCBuildConfiguration section */
		E85EE4891B91FDC500CDC840 /* Debug */ = {
			isa = XCBuildConfiguration;
			buildSettings = {
				ALWAYS_SEARCH_USER_PATHS = NO;
				CLANG_CXX_LANGUAGE_STANDARD = "gnu++0x";
				CLANG_CXX_LIBRARY = "libc++";
				CLANG_ENABLE_MODULES = YES;
				CLANG_ENABLE_OBJC_ARC = YES;
				CLANG_WARN_BOOL_CONVERSION = YES;
				CLANG_WARN_CONSTANT_CONVERSION = YES;
				CLANG_WARN_DIRECT_OBJC_ISA_USAGE = YES_ERROR;
				CLANG_WARN_EMPTY_BODY = YES;
				CLANG_WARN_ENUM_CONVERSION = YES;
				CLANG_WARN_INT_CONVERSION = YES;
				CLANG_WARN_OBJC_ROOT_CLASS = YES_ERROR;
				CLANG_WARN_UNREACHABLE_CODE = YES;
				CLANG_WARN__DUPLICATE_METHOD_MATCH = YES;
				"CODE_SIGN_IDENTITY[sdk=iphoneos*]" = "iPhone Developer";
				COPY_PHASE_STRIP = NO;
				DEBUG_INFORMATION_FORMAT = "dwarf-with-dsym";
				ENABLE_STRICT_OBJC_MSGSEND = YES;
				GCC_C_LANGUAGE_STANDARD = gnu99;
				GCC_DYNAMIC_NO_PIC = NO;
				GCC_NO_COMMON_BLOCKS = YES;
				GCC_OPTIMIZATION_LEVEL = 0;
				GCC_PREPROCESSOR_DEFINITIONS = (
					"DEBUG=1",
					"$(inherited)",
				);
				GCC_SYMBOLS_PRIVATE_EXTERN = NO;
				GCC_WARN_64_TO_32_BIT_CONVERSION = YES;
				GCC_WARN_ABOUT_RETURN_TYPE = YES_ERROR;
				GCC_WARN_UNDECLARED_SELECTOR = YES;
				GCC_WARN_UNINITIALIZED_AUTOS = YES_AGGRESSIVE;
				GCC_WARN_UNUSED_FUNCTION = YES;
				GCC_WARN_UNUSED_VARIABLE = YES;
				IPHONEOS_DEPLOYMENT_TARGET = 8.3;
				MTL_ENABLE_DEBUG_INFO = YES;
				ONLY_ACTIVE_ARCH = YES;
				SDKROOT = iphoneos;
				SWIFT_OPTIMIZATION_LEVEL = "-Onone";
			};
			name = Debug;
		};
		E85EE48A1B91FDC500CDC840 /* Release */ = {
			isa = XCBuildConfiguration;
			buildSettings = {
				ALWAYS_SEARCH_USER_PATHS = NO;
				CLANG_CXX_LANGUAGE_STANDARD = "gnu++0x";
				CLANG_CXX_LIBRARY = "libc++";
				CLANG_ENABLE_MODULES = YES;
				CLANG_ENABLE_OBJC_ARC = YES;
				CLANG_WARN_BOOL_CONVERSION = YES;
				CLANG_WARN_CONSTANT_CONVERSION = YES;
				CLANG_WARN_DIRECT_OBJC_ISA_USAGE = YES_ERROR;
				CLANG_WARN_EMPTY_BODY = YES;
				CLANG_WARN_ENUM_CONVERSION = YES;
				CLANG_WARN_INT_CONVERSION = YES;
				CLANG_WARN_OBJC_ROOT_CLASS = YES_ERROR;
				CLANG_WARN_UNREACHABLE_CODE = YES;
				CLANG_WARN__DUPLICATE_METHOD_MATCH = YES;
				"CODE_SIGN_IDENTITY[sdk=iphoneos*]" = "iPhone Developer";
				COPY_PHASE_STRIP = NO;
				DEBUG_INFORMATION_FORMAT = "dwarf-with-dsym";
				ENABLE_NS_ASSERTIONS = NO;
				ENABLE_STRICT_OBJC_MSGSEND = YES;
				GCC_C_LANGUAGE_STANDARD = gnu99;
				GCC_NO_COMMON_BLOCKS = YES;
				GCC_WARN_64_TO_32_BIT_CONVERSION = YES;
				GCC_WARN_ABOUT_RETURN_TYPE = YES_ERROR;
				GCC_WARN_UNDECLARED_SELECTOR = YES;
				GCC_WARN_UNINITIALIZED_AUTOS = YES_AGGRESSIVE;
				GCC_WARN_UNUSED_FUNCTION = YES;
				GCC_WARN_UNUSED_VARIABLE = YES;
				IPHONEOS_DEPLOYMENT_TARGET = 8.3;
				MTL_ENABLE_DEBUG_INFO = NO;
				SDKROOT = iphoneos;
				VALIDATE_PRODUCT = YES;
			};
			name = Release;
		};
		E85EE48C1B91FDC500CDC840 /* Debug */ = {
			isa = XCBuildConfiguration;
			buildSettings = {
				ASSETCATALOG_COMPILER_APPICON_NAME = AppIcon;
				INFOPLIST_FILE = popupPickerView/Info.plist;
				LD_RUNPATH_SEARCH_PATHS = "$(inherited) @executable_path/Frameworks";
				PRODUCT_NAME = "$(TARGET_NAME)";
			};
			name = Debug;
		};
		E85EE48D1B91FDC500CDC840 /* Release */ = {
			isa = XCBuildConfiguration;
			buildSettings = {
				ASSETCATALOG_COMPILER_APPICON_NAME = AppIcon;
				INFOPLIST_FILE = popupPickerView/Info.plist;
				LD_RUNPATH_SEARCH_PATHS = "$(inherited) @executable_path/Frameworks";
				PRODUCT_NAME = "$(TARGET_NAME)";
			};
			name = Release;
		};
		E85EE48F1B91FDC500CDC840 /* Debug */ = {
			isa = XCBuildConfiguration;
			buildSettings = {
				BUNDLE_LOADER = "$(TEST_HOST)";
				FRAMEWORK_SEARCH_PATHS = (
					"$(SDKROOT)/Developer/Library/Frameworks",
					"$(inherited)",
				);
				GCC_PREPROCESSOR_DEFINITIONS = (
					"DEBUG=1",
					"$(inherited)",
				);
				INFOPLIST_FILE = popupPickerViewTests/Info.plist;
				LD_RUNPATH_SEARCH_PATHS = "$(inherited) @executable_path/Frameworks @loader_path/Frameworks";
				PRODUCT_NAME = "$(TARGET_NAME)";
				TEST_HOST = "$(BUILT_PRODUCTS_DIR)/popupPickerView.app/popupPickerView";
			};
			name = Debug;
		};
		E85EE4901B91FDC500CDC840 /* Release */ = {
			isa = XCBuildConfiguration;
			buildSettings = {
				BUNDLE_LOADER = "$(TEST_HOST)";
				FRAMEWORK_SEARCH_PATHS = (
					"$(SDKROOT)/Developer/Library/Frameworks",
					"$(inherited)",
				);
				INFOPLIST_FILE = popupPickerViewTests/Info.plist;
				LD_RUNPATH_SEARCH_PATHS = "$(inherited) @executable_path/Frameworks @loader_path/Frameworks";
				PRODUCT_NAME = "$(TARGET_NAME)";
				TEST_HOST = "$(BUILT_PRODUCTS_DIR)/popupPickerView.app/popupPickerView";
			};
			name = Release;
		};
/* End XCBuildConfiguration section */

/* Begin XCConfigurationList section */
		E85EE4671B91FDC500CDC840 /* Build configuration list for PBXProject "popupPickerView" */ = {
			isa = XCConfigurationList;
			buildConfigurations = (
				E85EE4891B91FDC500CDC840 /* Debug */,
				E85EE48A1B91FDC500CDC840 /* Release */,
			);
			defaultConfigurationIsVisible = 0;
			defaultConfigurationName = Release;
		};
		E85EE48B1B91FDC500CDC840 /* Build configuration list for PBXNativeTarget "popupPickerView" */ = {
			isa = XCConfigurationList;
			buildConfigurations = (
				E85EE48C1B91FDC500CDC840 /* Debug */,
				E85EE48D1B91FDC500CDC840 /* Release */,
			);
			defaultConfigurationIsVisible = 0;
		};
		E85EE48E1B91FDC500CDC840 /* Build configuration list for PBXNativeTarget "popupPickerViewTests" */ = {
			isa = XCConfigurationList;
			buildConfigurations = (
				E85EE48F1B91FDC500CDC840 /* Debug */,
				E85EE4901B91FDC500CDC840 /* Release */,
			);
			defaultConfigurationIsVisible = 0;
		};
/* End XCConfigurationList section */
	};
	rootObject = E85EE4641B91FDC500CDC840 /* Project object */;
}
